{
  "name": "react-native-sqlite-helper",
  "version": "1.0.4",
  "lockfileVersion": 1,
  "requires": true,
  "dependencies": {
    "base64-js": {
      "version": "0.0.8",
      "resolved": "http://r.cnpmjs.org/base64-js/download/base64-js-0.0.8.tgz",
      "integrity": "sha1-EQHpVE9KdrG8OybUUsqW16NeeXg="
    },
    "bplist-creator": {
      "version": "0.0.4",
      "resolved": "http://r.cnpmjs.org/bplist-creator/download/bplist-creator-0.0.4.tgz",
      "integrity": "sha1-SsBJZ4LhJ6hcHSAmpPXrIqev+ZE=",
      "requires": {
        "stream-buffers": "0.2.6"
      }
    },
    "bplist-parser": {
      "version": "0.0.6",
      "resolved": "http://r.cnpmjs.org/bplist-parser/download/bplist-parser-0.0.6.tgz",
      "integrity": "sha1-ONo0cYF9+dRKs4kuJ3B7u9daEbk="
    },
    "lodash": {
      "version": "3.10.1",
      "resolved": "http://r.cnpmjs.org/lodash/download/lodash-3.10.1.tgz",
      "integrity": "sha1-W/Rejkm6QYnhfUgnid/RW9FAt7Y="
    },
    "node-uuid": {
      "version": "1.4.7",
      "resolved": "http://r.cnpmjs.org/node-uuid/download/node-uuid-1.4.7.tgz",
      "integrity": "sha1-baWhdmjEs91ZYjvaEc9/pMH2Cm8="
    },
    "pegjs": {
      "version": "0.9.0",
      "resolved": "http://r.cnpmjs.org/pegjs/download/pegjs-0.9.0.tgz",
      "integrity": "sha1-9q76LjzlYWkgjlIXnf5B+JFBo2k="
    },
    "plist": {
      "version": "1.2.0",
      "resolved": "http://r.cnpmjs.org/plist/download/plist-1.2.0.tgz",
      "integrity": "sha1-CEtQk93JJQbiWfh0uNmxr7jHlZM=",
      "requires": {
        "base64-js": "0.0.8",
        "util-deprecate": "1.0.2",
        "xmlbuilder": "4.0.0",
        "xmldom": "0.1.27"
      }
    },
    "react-native-sqlite-storage": {
      "version": "3.3.3",
      "resolved": "http://r.cnpmjs.org/react-native-sqlite-storage/download/react-native-sqlite-storage-3.3.3.tgz",
      "integrity": "sha1-Zw1RYIBomNgf+M6DZmbcpMH9rA4=",
      "requires": {
        "xcode": "0.8.9"
      }
    },
    "simple-plist": {
      "version": "0.1.4",
      "resolved": "http://r.cnpmjs.org/simple-plist/download/simple-plist-0.1.4.tgz",
      "integrity": "sha1-EOtRtH4zxVbrjsRtXuZNZOcX210=",
      "requires": {
        "bplist-creator": "0.0.4",
        "bplist-parser": "0.0.6",
        "plist": "1.2.0"
      }
    },
    "stream-buffers": {
      "version": "0.2.6",
      "resolved": "http://r.cnpmjs.org/stream-buffers/download/stream-buffers-0.2.6.tgz",
      "integrity": "sha1-GBwI1bs2kARfaUAbmuanoM8zE/w="
    },
    "util-deprecate": {
      "version": "1.0.2",
      "resolved": "http://r.cnpmjs.org/util-deprecate/download/util-deprecate-1.0.2.tgz",
      "integrity": "sha1-RQ1Nyfpw3nMnYvvS1KKJgUGaDM8="
    },
    "xcode": {
      "version": "0.8.9",
      "resolved": "http://r.cnpmjs.org/xcode/download/xcode-0.8.9.tgz",
      "integrity": "sha1-7Gdl9w6dzMzJ9umlubTn6BS0zzU=",
      "requires": {
        "node-uuid": "1.4.7",
        "pegjs": "0.9.0",
        "simple-plist": "0.1.4"
      }
    },
    "xmlbuilder": {
      "version": "4.0.0",
      "resolved": "http://r.cnpmjs.org/xmlbuilder/download/xmlbuilder-4.0.0.tgz",
      "integrity": "sha1-mLj2UcowqmJANvEn0RzGbce5B6M=",
      "requires": {
        "lodash": "3.10.1"
      }
    },
    "xmldom": {
      "version": "0.1.27",
      "resolved": "http://r.cnpmjs.org/xmldom/download/xmldom-0.1.27.tgz",
      "integrity": "sha1-1QH5ezvbQDr4757MIFcxh6rawOk="
    }
  }
}
